// !$*UTF8*$!
{
	archiveVersion = 1;
	classes = {
	};
	objectVersion = 77;
	objects = {

/* Begin PBXBuildFile section */
		000413C88823651F7FAF56E6 /* GuidePreviewPanel.swift in Sources */ = {isa = PBXBuildFile; fileRef = 6EEB8B456D38D313BB532D40 /* GuidePreviewPanel.swift */; };
		03F7D68B4B61F103BF457A7C /* ThemePickerView.swift in Sources */ = {isa = PBXBuildFile; fileRef = F767DD9A6987EACF50BADE2E /* ThemePickerView.swift */; };
		118F594A546900C680DCC3FE /* ChannelDetailView.swift in Sources */ = {isa = PBXBuildFile; fileRef = DCE2402F166F38DF3094291F /* ChannelDetailView.swift */; };
		13F71A50D16B305A8064E01B /* GuideRowView.swift in Sources */ = {isa = PBXBuildFile; fileRef = DDA33AFE9408F1525CF71079 /* GuideRowView.swift */; };
		197EDAD49F1D173ED4C76E04 /* PlayerChromeView.swift in Sources */ = {isa = PBXBuildFile; fileRef = 507A5D7A6E2CEED5638EF1D4 /* PlayerChromeView.swift */; };
		1A7FA06A8454C3E96FB7BA0F /* DebugBootstrap.swift in Sources */ = {isa = PBXBuildFile; fileRef = 763DBD5802068CE391AC8CC5 /* DebugBootstrap.swift */; };
		299AC0AD08161B943F2C5017 /* ServerPickerStepView.swift in Sources */ = {isa = PBXBuildFile; fileRef = BEF93F67225DFD6886C7D6E0 /* ServerPickerStepView.swift */; };
		2ACFD1D4AC750DAC1792FCFE /* PlayerEnginePickerView.swift in Sources */ = {isa = PBXBuildFile; fileRef = 176338827048433F7D47FB30 /* PlayerEnginePickerView.swift */; };
		30AE45814CCFBF57BA6C1FEB /* GuideProgramCell.swift in Sources */ = {isa = PBXBuildFile; fileRef = DCCE16170FD47980A5CF7001 /* GuideProgramCell.swift */; };
		32098564943483A6BCEF0BE2 /* RootView.swift in Sources */ = {isa = PBXBuildFile; fileRef = 78CFED9688D7388AAADDA7E0 /* RootView.swift */; };
		34FFC973453A273F1042E1D8 /* LibrarySettingsView.swift in Sources */ = {isa = PBXBuildFile; fileRef = CC10DE38E11AFAAE0E0D270F /* LibrarySettingsView.swift */; };
		3712C1ABF98AE407BA75F79E /* RetroTVApp.swift in Sources */ = {isa = PBXBuildFile; fileRef = 89A5650828A4295B6A85115C /* RetroTVApp.swift */; };
		3778F833D5B8E2481A231795 /* ChannelManagerView.swift in Sources */ = {isa = PBXBuildFile; fileRef = A891D70E598FC948BCA0C77B /* ChannelManagerView.swift */; };
		377B6367B805278AC59C5345 /* ChannelNumberOSD.swift in Sources */ = {isa = PBXBuildFile; fileRef = EBF9B34E1555F6CBF8A40817 /* ChannelNumberOSD.swift */; };
		39AD449F71ECD7C612BC191B /* Color+Hex.swift in Sources */ = {isa = PBXBuildFile; fileRef = 5B2A608E4920FDDBC6DAAE25 /* Color+Hex.swift */; };
		43FBBDD61FA02ED99D176D6E /* IntermissionCard.swift in Sources */ = {isa = PBXBuildFile; fileRef = B1EDD48D03C6931AF075D744 /* IntermissionCard.swift */; };
		4AE644BD531BD08B2618E756 /* EngineVideoView.swift in Sources */ = {isa = PBXBuildFile; fileRef = 3C83233F83295B2DBFC23F05 /* EngineVideoView.swift */; };
		4B336527CC16E8C6B7B95FCC /* SettingsComponents.swift in Sources */ = {isa = PBXBuildFile; fileRef = F220A2BAC4980DAAB32B9EF8 /* SettingsComponents.swift */; };
		4CE9823D0E93577D3034C456 /* PlexLinkStepView.swift in Sources */ = {isa = PBXBuildFile; fileRef = 0E5113306005658D3C0498A2 /* PlexLinkStepView.swift */; };
		50EB21CD437DD9E5EE20D8BB /* PlaybackEngine.swift in Sources */ = {isa = PBXBuildFile; fileRef = 97046EE7741175F4DFF155B2 /* PlaybackEngine.swift */; };
		511398C308FB6CAB9C51E472 /* NoSignalCard.swift in Sources */ = {isa = PBXBuildFile; fileRef = 2E9268745E8866F5F09DADAD /* NoSignalCard.swift */; };
		575C3B7097793CC469DE8B64 /* KeychainStore.swift in Sources */ = {isa = PBXBuildFile; fileRef = D6EB98FD6D40FA1FA128A294 /* KeychainStore.swift */; };
		5A7C09990D9B8712C0601412 /* ScanlineOverlay.swift in Sources */ = {isa = PBXBuildFile; fileRef = 7991DD5C94C2E5F4DBB74818 /* ScanlineOverlay.swift */; };
		5C38EE6A5564D424B8C513B9 /* DesignTokens.swift in Sources */ = {isa = PBXBuildFile; fileRef = 37D359D9FCFDB040E3FC58C2 /* DesignTokens.swift */; };
		5CA45A7EEC43C87DE65D3400 /* GuideModel.swift in Sources */ = {isa = PBXBuildFile; fileRef = EE063881F6FB71B1DE7B3C7B /* GuideModel.swift */; };
		5E325EC266639387EB82666E /* AppModel.swift in Sources */ = {isa = PBXBuildFile; fileRef = 2AEE72390B83C99AF2AC5339 /* AppModel.swift */; };
		5E582B94EB68E956C539E194 /* LibraryPickerView.swift in Sources */ = {isa = PBXBuildFile; fileRef = 8AB002B35DFA6A35237BB8BD /* LibraryPickerView.swift */; };
		625A67068FD71F0B33A4730F /* ArtworkResolver.swift in Sources */ = {isa = PBXBuildFile; fileRef = D622C7296CB065B3C6D58D79 /* ArtworkResolver.swift */; };
		6374E66E55E2B5E6E7F11C73 /* ProgressTrack.swift in Sources */ = {isa = PBXBuildFile; fileRef = 58C9CB8F4CD329C3D96BA288 /* ProgressTrack.swift */; };
		65FD53FD5A3568F9DD2F4384 /* LibrarySnapshotStore.swift in Sources */ = {isa = PBXBuildFile; fileRef = 4C704A0E7BD06940865E2A3E /* LibrarySnapshotStore.swift */; };
		67EC612312ED90D8E93B59BC /* Theme.swift in Sources */ = {isa = PBXBuildFile; fileRef = 2E6E722F298F79CA0DE09BAF /* Theme.swift */; };
		749281A115FA8EB7C14E8B15 /* LineupEngine.swift in Sources */ = {isa = PBXBuildFile; fileRef = 6E04D69DCA8099E89BA40FA3 /* LineupEngine.swift */; };
		74990EEE71FDB1F75E5395B2 /* OnboardingFlowView.swift in Sources */ = {isa = PBXBuildFile; fileRef = E8A7CE2B1E6C86BF55D6EEC5 /* OnboardingFlowView.swift */; };
		7A28848F206EA038EFDB2EEC /* StaticNoiseView.swift in Sources */ = {isa = PBXBuildFile; fileRef = E6006B0AFB049BE7363F2C4D /* StaticNoiseView.swift */; };
		7E26C56F8F1DD8286FF41CFE /* QRCodeView.swift in Sources */ = {isa = PBXBuildFile; fileRef = 03467ADB769E8CA12D98A93A /* QRCodeView.swift */; };
		7E91D19CD3EA313D383FD2C2 /* RemoteImage.swift in Sources */ = {isa = PBXBuildFile; fileRef = 25FBA4151A989176EFE32F7B /* RemoteImage.swift */; };
		8738158189394A77E9BAB63C /* FacetPickerView.swift in Sources */ = {isa = PBXBuildFile; fileRef = 005061A54123914FBF09CCB6 /* FacetPickerView.swift */; };
		88F7640C16D50596D6160FD9 /* ChannelBanner.swift in Sources */ = {isa = PBXBuildFile; fileRef = 01CB5DD2EE24C75563AE72F8 /* ChannelBanner.swift */; };
		89B5FE6392C0F14A917A81C3 /* RetroRowButtonStyle.swift in Sources */ = {isa = PBXBuildFile; fileRef = DBD03DF9D0689DAAFB0E4C8D /* RetroRowButtonStyle.swift */; };
		8A03CBC677E53EAE79A54F15 /* ScheduleFormatting.swift in Sources */ = {isa = PBXBuildFile; fileRef = 0FA5B2094379EF201BE68294 /* ScheduleFormatting.swift */; };
		8DE26384E3604BC5267CB65E /* RatingChip.swift in Sources */ = {isa = PBXBuildFile; fileRef = DC92DE8FDC5048A11407F8E3 /* RatingChip.swift */; };
		93A7F26B25AD93BD607E9080 /* SettingsView.swift in Sources */ = {isa = PBXBuildFile; fileRef = 4EC728752D66C5F54C2C790A /* SettingsView.swift */; };
		93FAC8537AFC25D97FC69B79 /* FailureView.swift in Sources */ = {isa = PBXBuildFile; fileRef = BA40451FA9BF10ECD903FA93 /* FailureView.swift */; };
		950B88EE1F1F14E0B4389905 /* BrandMark.swift in Sources */ = {isa = PBXBuildFile; fileRef = 81A0BC3538571F0E031871E3 /* BrandMark.swift */; };
		952A79A169B56A4EFEA9302A /* MPVCore.swift in Sources */ = {isa = PBXBuildFile; fileRef = F0F3636508E1B6B9639A5584 /* MPVCore.swift */; };
		9BCEC47BB90CB41635E7AE50 /* OnboardingModel.swift in Sources */ = {isa = PBXBuildFile; fileRef = 4FE115456408CB628AD40D04 /* OnboardingModel.swift */; };
		9C55219AC4DCDEE096469285 /* Typography.swift in Sources */ = {isa = PBXBuildFile; fileRef = 37E00572D5823DC801F98694 /* Typography.swift */; };
		9CC3E24988A1D4C65484356A /* WelcomeStepView.swift in Sources */ = {isa = PBXBuildFile; fileRef = A8F23C16DE45F960049D294F /* WelcomeStepView.swift */; };
		A0D70D6779D65FF438291BD0 /* GuideView.swift in Sources */ = {isa = PBXBuildFile; fileRef = FDB3937BF59B9A66672E08B0 /* GuideView.swift */; };
		A854CE849FE1CEF6DAF295F2 /* IndexingView.swift in Sources */ = {isa = PBXBuildFile; fileRef = 3A47352312C1C79269F74216 /* IndexingView.swift */; };
		A9003067849DA60B532B0F0D /* ThemeCatalog.swift in Sources */ = {isa = PBXBuildFile; fileRef = D173E31BD042D3AC30B47B8D /* ThemeCatalog.swift */; };
		AF0ED0C72D66EEED3E21B80A /* Surfaces.swift in Sources */ = {isa = PBXBuildFile; fileRef = 4877149367DFC9BC68789D5E /* Surfaces.swift */; };
		B4F087ACD40BF98380045088 /* WatchView.swift in Sources */ = {isa = PBXBuildFile; fileRef = 74DAEF6BAB30BCF92CD3BC35 /* WatchView.swift */; };
		B5BAD679C913E9570CD658E9 /* ChannelEditorView.swift in Sources */ = {isa = PBXBuildFile; fileRef = 6D8C7ABF8B07270311198B91 /* ChannelEditorView.swift */; };
		B88BD3C86012BC107CDDB553 /* GuideGridView.swift in Sources */ = {isa = PBXBuildFile; fileRef = 89D586EF66F9A6B8A8FBF477 /* GuideGridView.swift */; };
		BA39481B7361F3C0539459FB /* RetroTVKit in Frameworks */ = {isa = PBXBuildFile; productRef = 928233971AC8D6740B4EE332 /* RetroTVKit */; };
		BB09C3A3CFAEFBE841A535D1 /* AppIdentity.swift in Sources */ = {isa = PBXBuildFile; fileRef = C683DD013EAA5AD44C46C7F7 /* AppIdentity.swift */; };
		BC262E445DECD5289F8A1569 /* SplashView.swift in Sources */ = {isa = PBXBuildFile; fileRef = 5D68030CB3322D86D7150B86 /* SplashView.swift */; };
		BEE539EC858B6F05CD5F8B19 /* GuideTimeRuler.swift in Sources */ = {isa = PBXBuildFile; fileRef = 111CCC43B806B7DC63364757 /* GuideTimeRuler.swift */; };
		BF6CE845D88C31814DA23CDC /* ChannelBadge.swift in Sources */ = {isa = PBXBuildFile; fileRef = C6D29D114366B066ACF8C70C /* ChannelBadge.swift */; };
		C7170093BCDCEF94690534D1 /* ScheduleGridPickerView.swift in Sources */ = {isa = PBXBuildFile; fileRef = 6EEC2556FE7A20F73EF5FD4E /* ScheduleGridPickerView.swift */; };
		C96DB6C9D77ADA9FC599ADF7 /* ImagePipeline.swift in Sources */ = {isa = PBXBuildFile; fileRef = 0CCC751C0693327031706D7E /* ImagePipeline.swift */; };
		CFE512FE3CDF29C80E9C8FBA /* MPVKit in Frameworks */ = {isa = PBXBuildFile; productRef = 0ABB3E5B805573BA8CBE42C4 /* MPVKit */; };
		D02D52FD91CB3A4B20315778 /* SignalOverlay.swift in Sources */ = {isa = PBXBuildFile; fileRef = 7FA15887435ACEBC6946F1FD /* SignalOverlay.swift */; };
		D3F109212C789907B0BC23FA /* GuideHeader.swift in Sources */ = {isa = PBXBuildFile; fileRef = F62996EC646DD8A6E5588F54 /* GuideHeader.swift */; };
		D802BA48559F09244799D6B4 /* Tuner.swift in Sources */ = {isa = PBXBuildFile; fileRef = 247592F5DC16800CD414FC90 /* Tuner.swift */; };
		D8B5E79B928D109D220B6689 /* LiveVideoStack.swift in Sources */ = {isa = PBXBuildFile; fileRef = 5863BE504FCFB5079461DCFA /* LiveVideoStack.swift */; };
		DE52DF0A4B637E8FBE1A24B3 /* GuideLayout.swift in Sources */ = {isa = PBXBuildFile; fileRef = BC7072FBB0F0AFF384CED3FF /* GuideLayout.swift */; };
		E01997F14FD9B514E1625FCE /* PreferencesStore.swift in Sources */ = {isa = PBXBuildFile; fileRef = 34CB0B037FF7BBEB8B23D7D7 /* PreferencesStore.swift */; };
		E038796AE6B40129FD2A37C8 /* RetroButtonStyle.swift in Sources */ = {isa = PBXBuildFile; fileRef = C334D96988B85D8F5F883BEA /* RetroButtonStyle.swift */; };
		E9EDCAC7CF67823BA3CCF67D /* MPVPlaybackEngine.swift in Sources */ = {isa = PBXBuildFile; fileRef = 8DB47BBBA997117E1D9AD7F7 /* MPVPlaybackEngine.swift */; };
		ED1D7290D68B288942926CBE /* ServerRegistry.swift in Sources */ = {isa = PBXBuildFile; fileRef = F2249125A624934CED277DB6 /* ServerRegistry.swift */; };
		F6A9ACC0B534A275C52B8811 /* AVPlaybackEngine.swift in Sources */ = {isa = PBXBuildFile; fileRef = 87910EE874DAF586A3EF6ABD /* AVPlaybackEngine.swift */; };
/* End PBXBuildFile section */

/* Begin PBXFileReference section */
		005061A54123914FBF09CCB6 /* FacetPickerView.swift */ = {isa = PBXFileReference; lastKnownFileType = sourcecode.swift; path = FacetPickerView.swift; sourceTree = "<group>"; };
		01CB5DD2EE24C75563AE72F8 /* ChannelBanner.swift */ = {isa = PBXFileReference; lastKnownFileType = sourcecode.swift; path = ChannelBanner.swift; sourceTree = "<group>"; };
		03467ADB769E8CA12D98A93A /* QRCodeView.swift */ = {isa = PBXFileReference; lastKnownFileType = sourcecode.swift; path = QRCodeView.swift; sourceTree = "<group>"; };
		0CCC751C0693327031706D7E /* ImagePipeline.swift */ = {isa = PBXFileReference; lastKnownFileType = sourcecode.swift; path = ImagePipeline.swift; sourceTree = "<group>"; };
		0E5113306005658D3C0498A2 /* PlexLinkStepView.swift */ = {isa = PBXFileReference; lastKnownFileType = sourcecode.swift; path = PlexLinkStepView.swift; sourceTree = "<group>"; };
		0FA5B2094379EF201BE68294 /* ScheduleFormatting.swift */ = {isa = PBXFileReference; lastKnownFileType = sourcecode.swift; path = ScheduleFormatting.swift; sourceTree = "<group>"; };
		111CCC43B806B7DC63364757 /* GuideTimeRuler.swift */ = {isa = PBXFileReference; lastKnownFileType = sourcecode.swift; path = GuideTimeRuler.swift; sourceTree = "<group>"; };
		176338827048433F7D47FB30 /* PlayerEnginePickerView.swift */ = {isa = PBXFileReference; lastKnownFileType = sourcecode.swift; path = PlayerEnginePickerView.swift; sourceTree = "<group>"; };
		1FAA7D54D5E6ABC43493649D /* RetroTV.app */ = {isa = PBXFileReference; includeInIndex = 0; lastKnownFileType = wrapper.application; path = RetroTV.app; sourceTree = BUILT_PRODUCTS_DIR; };
		247592F5DC16800CD414FC90 /* Tuner.swift */ = {isa = PBXFileReference; lastKnownFileType = sourcecode.swift; path = Tuner.swift; sourceTree = "<group>"; };
		25FBA4151A989176EFE32F7B /* RemoteImage.swift */ = {isa = PBXFileReference; lastKnownFileType = sourcecode.swift; path = RemoteImage.swift; sourceTree = "<group>"; };
		2AEE72390B83C99AF2AC5339 /* AppModel.swift */ = {isa = PBXFileReference; lastKnownFileType = sourcecode.swift; path = AppModel.swift; sourceTree = "<group>"; };
		2E6E722F298F79CA0DE09BAF /* Theme.swift */ = {isa = PBXFileReference; lastKnownFileType = sourcecode.swift; path = Theme.swift; sourceTree = "<group>"; };
		2E9268745E8866F5F09DADAD /* NoSignalCard.swift */ = {isa = PBXFileReference; lastKnownFileType = sourcecode.swift; path = NoSignalCard.swift; sourceTree = "<group>"; };
		34CB0B037FF7BBEB8B23D7D7 /* PreferencesStore.swift */ = {isa = PBXFileReference; lastKnownFileType = sourcecode.swift; path = PreferencesStore.swift; sourceTree = "<group>"; };
		37D359D9FCFDB040E3FC58C2 /* DesignTokens.swift */ = {isa = PBXFileReference; lastKnownFileType = sourcecode.swift; path = DesignTokens.swift; sourceTree = "<group>"; };
		37E00572D5823DC801F98694 /* Typography.swift */ = {isa = PBXFileReference; lastKnownFileType = sourcecode.swift; path = Typography.swift; sourceTree = "<group>"; };
		3A47352312C1C79269F74216 /* IndexingView.swift */ = {isa = PBXFileReference; lastKnownFileType = sourcecode.swift; path = IndexingView.swift; sourceTree = "<group>"; };
		3C83233F83295B2DBFC23F05 /* EngineVideoView.swift */ = {isa = PBXFileReference; lastKnownFileType = sourcecode.swift; path = EngineVideoView.swift; sourceTree = "<group>"; };
		4877149367DFC9BC68789D5E /* Surfaces.swift */ = {isa = PBXFileReference; lastKnownFileType = sourcecode.swift; path = Surfaces.swift; sourceTree = "<group>"; };
		4C704A0E7BD06940865E2A3E /* LibrarySnapshotStore.swift */ = {isa = PBXFileReference; lastKnownFileType = sourcecode.swift; path = LibrarySnapshotStore.swift; sourceTree = "<group>"; };
		4EC728752D66C5F54C2C790A /* SettingsView.swift */ = {isa = PBXFileReference; lastKnownFileType = sourcecode.swift; path = SettingsView.swift; sourceTree = "<group>"; };
		4FE115456408CB628AD40D04 /* OnboardingModel.swift */ = {isa = PBXFileReference; lastKnownFileType = sourcecode.swift; path = OnboardingModel.swift; sourceTree = "<group>"; };
		507A5D7A6E2CEED5638EF1D4 /* PlayerChromeView.swift */ = {isa = PBXFileReference; lastKnownFileType = sourcecode.swift; path = PlayerChromeView.swift; sourceTree = "<group>"; };
		5863BE504FCFB5079461DCFA /* LiveVideoStack.swift */ = {isa = PBXFileReference; lastKnownFileType = sourcecode.swift; path = LiveVideoStack.swift; sourceTree = "<group>"; };
		58C9CB8F4CD329C3D96BA288 /* ProgressTrack.swift */ = {isa = PBXFileReference; lastKnownFileType = sourcecode.swift; path = ProgressTrack.swift; sourceTree = "<group>"; };
		5B2A608E4920FDDBC6DAAE25 /* Color+Hex.swift */ = {isa = PBXFileReference; lastKnownFileType = sourcecode.swift; path = "Color+Hex.swift"; sourceTree = "<group>"; };
		5D68030CB3322D86D7150B86 /* SplashView.swift */ = {isa = PBXFileReference; lastKnownFileType = sourcecode.swift; path = SplashView.swift; sourceTree = "<group>"; };
		60F382591F2B8DBE9F09F747 /* RetroTVKit */ = {isa = PBXFileReference; lastKnownFileType = folder; name = RetroTVKit; path = Packages/RetroTVKit; sourceTree = SOURCE_ROOT; };
		6D8C7ABF8B07270311198B91 /* ChannelEditorView.swift */ = {isa = PBXFileReference; lastKnownFileType = sourcecode.swift; path = ChannelEditorView.swift; sourceTree = "<group>"; };
		6E04D69DCA8099E89BA40FA3 /* LineupEngine.swift */ = {isa = PBXFileReference; lastKnownFileType = sourcecode.swift; path = LineupEngine.swift; sourceTree = "<group>"; };
		6EEB8B456D38D313BB532D40 /* GuidePreviewPanel.swift */ = {isa = PBXFileReference; lastKnownFileType = sourcecode.swift; path = GuidePreviewPanel.swift; sourceTree = "<group>"; };
		6EEC2556FE7A20F73EF5FD4E /* ScheduleGridPickerView.swift */ = {isa = PBXFileReference; lastKnownFileType = sourcecode.swift; path = ScheduleGridPickerView.swift; sourceTree = "<group>"; };
		74DAEF6BAB30BCF92CD3BC35 /* WatchView.swift */ = {isa = PBXFileReference; lastKnownFileType = sourcecode.swift; path = WatchView.swift; sourceTree = "<group>"; };
		763DBD5802068CE391AC8CC5 /* DebugBootstrap.swift */ = {isa = PBXFileReference; lastKnownFileType = sourcecode.swift; path = DebugBootstrap.swift; sourceTree = "<group>"; };
		78CFED9688D7388AAADDA7E0 /* RootView.swift */ = {isa = PBXFileReference; lastKnownFileType = sourcecode.swift; path = RootView.swift; sourceTree = "<group>"; };
		7991DD5C94C2E5F4DBB74818 /* ScanlineOverlay.swift */ = {isa = PBXFileReference; lastKnownFileType = sourcecode.swift; path = ScanlineOverlay.swift; sourceTree = "<group>"; };
		7FA15887435ACEBC6946F1FD /* SignalOverlay.swift */ = {isa = PBXFileReference; lastKnownFileType = sourcecode.swift; path = SignalOverlay.swift; sourceTree = "<group>"; };
		81A0BC3538571F0E031871E3 /* BrandMark.swift */ = {isa = PBXFileReference; lastKnownFileType = sourcecode.swift; path = BrandMark.swift; sourceTree = "<group>"; };
		87910EE874DAF586A3EF6ABD /* AVPlaybackEngine.swift */ = {isa = PBXFileReference; lastKnownFileType = sourcecode.swift; path = AVPlaybackEngine.swift; sourceTree = "<group>"; };
		89A5650828A4295B6A85115C /* RetroTVApp.swift */ = {isa = PBXFileReference; lastKnownFileType = sourcecode.swift; path = RetroTVApp.swift; sourceTree = "<group>"; };
		89D586EF66F9A6B8A8FBF477 /* GuideGridView.swift */ = {isa = PBXFileReference; lastKnownFileType = sourcecode.swift; path = GuideGridView.swift; sourceTree = "<group>"; };
		8AB002B35DFA6A35237BB8BD /* LibraryPickerView.swift */ = {isa = PBXFileReference; lastKnownFileType = sourcecode.swift; path = LibraryPickerView.swift; sourceTree = "<group>"; };
		8DB47BBBA997117E1D9AD7F7 /* MPVPlaybackEngine.swift */ = {isa = PBXFileReference; lastKnownFileType = sourcecode.swift; path = MPVPlaybackEngine.swift; sourceTree = "<group>"; };
		97046EE7741175F4DFF155B2 /* PlaybackEngine.swift */ = {isa = PBXFileReference; lastKnownFileType = sourcecode.swift; path = PlaybackEngine.swift; sourceTree = "<group>"; };
		A891D70E598FC948BCA0C77B /* ChannelManagerView.swift */ = {isa = PBXFileReference; lastKnownFileType = sourcecode.swift; path = ChannelManagerView.swift; sourceTree = "<group>"; };
		A8F23C16DE45F960049D294F /* WelcomeStepView.swift */ = {isa = PBXFileReference; lastKnownFileType = sourcecode.swift; path = WelcomeStepView.swift; sourceTree = "<group>"; };
		B1EDD48D03C6931AF075D744 /* IntermissionCard.swift */ = {isa = PBXFileReference; lastKnownFileType = sourcecode.swift; path = IntermissionCard.swift; sourceTree = "<group>"; };
		BA40451FA9BF10ECD903FA93 /* FailureView.swift */ = {isa = PBXFileReference; lastKnownFileType = sourcecode.swift; path = FailureView.swift; sourceTree = "<group>"; };
		BC7072FBB0F0AFF384CED3FF /* GuideLayout.swift */ = {isa = PBXFileReference; lastKnownFileType = sourcecode.swift; path = GuideLayout.swift; sourceTree = "<group>"; };
		BEF93F67225DFD6886C7D6E0 /* ServerPickerStepView.swift */ = {isa = PBXFileReference; lastKnownFileType = sourcecode.swift; path = ServerPickerStepView.swift; sourceTree = "<group>"; };
		C334D96988B85D8F5F883BEA /* RetroButtonStyle.swift */ = {isa = PBXFileReference; lastKnownFileType = sourcecode.swift; path = RetroButtonStyle.swift; sourceTree = "<group>"; };
		C683DD013EAA5AD44C46C7F7 /* AppIdentity.swift */ = {isa = PBXFileReference; lastKnownFileType = sourcecode.swift; path = AppIdentity.swift; sourceTree = "<group>"; };
		C6D29D114366B066ACF8C70C /* ChannelBadge.swift */ = {isa = PBXFileReference; lastKnownFileType = sourcecode.swift; path = ChannelBadge.swift; sourceTree = "<group>"; };
		CC10DE38E11AFAAE0E0D270F /* LibrarySettingsView.swift */ = {isa = PBXFileReference; lastKnownFileType = sourcecode.swift; path = LibrarySettingsView.swift; sourceTree = "<group>"; };
		D173E31BD042D3AC30B47B8D /* ThemeCatalog.swift */ = {isa = PBXFileReference; lastKnownFileType = sourcecode.swift; path = ThemeCatalog.swift; sourceTree = "<group>"; };
		D622C7296CB065B3C6D58D79 /* ArtworkResolver.swift */ = {isa = PBXFileReference; lastKnownFileType = sourcecode.swift; path = ArtworkResolver.swift; sourceTree = "<group>"; };
		D6EB98FD6D40FA1FA128A294 /* KeychainStore.swift */ = {isa = PBXFileReference; lastKnownFileType = sourcecode.swift; path = KeychainStore.swift; sourceTree = "<group>"; };
		DBD03DF9D0689DAAFB0E4C8D /* RetroRowButtonStyle.swift */ = {isa = PBXFileReference; lastKnownFileType = sourcecode.swift; path = RetroRowButtonStyle.swift; sourceTree = "<group>"; };
		DC92DE8FDC5048A11407F8E3 /* RatingChip.swift */ = {isa = PBXFileReference; lastKnownFileType = sourcecode.swift; path = RatingChip.swift; sourceTree = "<group>"; };
		DCCE16170FD47980A5CF7001 /* GuideProgramCell.swift */ = {isa = PBXFileReference; lastKnownFileType = sourcecode.swift; path = GuideProgramCell.swift; sourceTree = "<group>"; };
		DCE2402F166F38DF3094291F /* ChannelDetailView.swift */ = {isa = PBXFileReference; lastKnownFileType = sourcecode.swift; path = ChannelDetailView.swift; sourceTree = "<group>"; };
		DDA33AFE9408F1525CF71079 /* GuideRowView.swift */ = {isa = PBXFileReference; lastKnownFileType = sourcecode.swift; path = GuideRowView.swift; sourceTree = "<group>"; };
		E6006B0AFB049BE7363F2C4D /* StaticNoiseView.swift */ = {isa = PBXFileReference; lastKnownFileType = sourcecode.swift; path = StaticNoiseView.swift; sourceTree = "<group>"; };
		E8A7CE2B1E6C86BF55D6EEC5 /* OnboardingFlowView.swift */ = {isa = PBXFileReference; lastKnownFileType = sourcecode.swift; path = OnboardingFlowView.swift; sourceTree = "<group>"; };
		EBD66969B63C35F255721B30 /* Info.plist */ = {isa = PBXFileReference; lastKnownFileType = text.plist; path = Info.plist; sourceTree = "<group>"; };
		EBF9B34E1555F6CBF8A40817 /* ChannelNumberOSD.swift */ = {isa = PBXFileReference; lastKnownFileType = sourcecode.swift; path = ChannelNumberOSD.swift; sourceTree = "<group>"; };
		EE063881F6FB71B1DE7B3C7B /* GuideModel.swift */ = {isa = PBXFileReference; lastKnownFileType = sourcecode.swift; path = GuideModel.swift; sourceTree = "<group>"; };
		F0F3636508E1B6B9639A5584 /* MPVCore.swift */ = {isa = PBXFileReference; lastKnownFileType = sourcecode.swift; path = MPVCore.swift; sourceTree = "<group>"; };
		F220A2BAC4980DAAB32B9EF8 /* SettingsComponents.swift */ = {isa = PBXFileReference; lastKnownFileType = sourcecode.swift; path = SettingsComponents.swift; sourceTree = "<group>"; };
		F2249125A624934CED277DB6 /* ServerRegistry.swift */ = {isa = PBXFileReference; lastKnownFileType = sourcecode.swift; path = ServerRegistry.swift; sourceTree = "<group>"; };
		F62996EC646DD8A6E5588F54 /* GuideHeader.swift */ = {isa = PBXFileReference; lastKnownFileType = sourcecode.swift; path = GuideHeader.swift; sourceTree = "<group>"; };
		F767DD9A6987EACF50BADE2E /* ThemePickerView.swift */ = {isa = PBXFileReference; lastKnownFileType = sourcecode.swift; path = ThemePickerView.swift; sourceTree = "<group>"; };
		FDB3937BF59B9A66672E08B0 /* GuideView.swift */ = {isa = PBXFileReference; lastKnownFileType = sourcecode.swift; path = GuideView.swift; sourceTree = "<group>"; };
/* End PBXFileReference section */

/* Begin PBXFrameworksBuildPhase section */
		AFE5502AB645111DDCBFB125 /* Frameworks */ = {
			isa = PBXFrameworksBuildPhase;
			buildActionMask = 2147483647;
			files = (
				BA39481B7361F3C0539459FB /* RetroTVKit in Frameworks */,
				CFE512FE3CDF29C80E9C8FBA /* MPVKit in Frameworks */,
			);
			runOnlyForDeploymentPostprocessing = 0;
		};
/* End PBXFrameworksBuildPhase section */

/* Begin PBXGroup section */
		0EE35A8B1587FF4383068A09 /* Engine */ = {
			isa = PBXGroup;
			children = (
				87910EE874DAF586A3EF6ABD /* AVPlaybackEngine.swift */,
				F0F3636508E1B6B9639A5584 /* MPVCore.swift */,
				8DB47BBBA997117E1D9AD7F7 /* MPVPlaybackEngine.swift */,
				97046EE7741175F4DFF155B2 /* PlaybackEngine.swift */,
			);
			path = Engine;
			sourceTree = "<group>";
		};
		1CCD93E83FD58AEC606426CE /* App */ = {
			isa = PBXGroup;
			children = (
				6707DB9D46EE53B738CF1B14 /* Composition */,
				C6DB2AD6A70137CE36CE895A /* DesignSystem */,
				694656A4845B848D557FFC65 /* Features */,
				C6E46BEA4242E62B0D0DC135 /* Resources */,
				444EF09AC873291D9D5A0A97 /* Services */,
				89A5650828A4295B6A85115C /* RetroTVApp.swift */,
			);
			path = App;
			sourceTree = "<group>";
		};
		2149181C29DE3DA7A4357BE5 /* Guide */ = {
			isa = PBXGroup;
			children = (
				89D586EF66F9A6B8A8FBF477 /* GuideGridView.swift */,
				F62996EC646DD8A6E5588F54 /* GuideHeader.swift */,
				BC7072FBB0F0AFF384CED3FF /* GuideLayout.swift */,
				EE063881F6FB71B1DE7B3C7B /* GuideModel.swift */,
				6EEB8B456D38D313BB532D40 /* GuidePreviewPanel.swift */,
				DCCE16170FD47980A5CF7001 /* GuideProgramCell.swift */,
				DDA33AFE9408F1525CF71079 /* GuideRowView.swift */,
				111CCC43B806B7DC63364757 /* GuideTimeRuler.swift */,
				FDB3937BF59B9A66672E08B0 /* GuideView.swift */,
			);
			path = Guide;
			sourceTree = "<group>";
		};
		38C9EB68E36D22AF600FB2DD /* Persistence */ = {
			isa = PBXGroup;
			children = (
				D6EB98FD6D40FA1FA128A294 /* KeychainStore.swift */,
				4C704A0E7BD06940865E2A3E /* LibrarySnapshotStore.swift */,
				34CB0B037FF7BBEB8B23D7D7 /* PreferencesStore.swift */,
			);
			path = Persistence;
			sourceTree = "<group>";
		};
		40CD353A30FD926C6D4434FA /* Channels */ = {
			isa = PBXGroup;
			children = (
				DCE2402F166F38DF3094291F /* ChannelDetailView.swift */,
				6D8C7ABF8B07270311198B91 /* ChannelEditorView.swift */,
				A891D70E598FC948BCA0C77B /* ChannelManagerView.swift */,
				005061A54123914FBF09CCB6 /* FacetPickerView.swift */,
			);
			path = Channels;
			sourceTree = "<group>";
		};
		444EF09AC873291D9D5A0A97 /* Services */ = {
			isa = PBXGroup;
			children = (
				8F2311F1527790CBFAAAD9D9 /* Images */,
				38C9EB68E36D22AF600FB2DD /* Persistence */,
				5FDB2D9B315A7D0A30C6257F /* Playback */,
			);
			path = Services;
			sourceTree = "<group>";
		};
		4D15B6CABDE04D6A58851F33 /* Components */ = {
			isa = PBXGroup;
			children = (
				81A0BC3538571F0E031871E3 /* BrandMark.swift */,
				C6D29D114366B066ACF8C70C /* ChannelBadge.swift */,
				58C9CB8F4CD329C3D96BA288 /* ProgressTrack.swift */,
				03467ADB769E8CA12D98A93A /* QRCodeView.swift */,
				DC92DE8FDC5048A11407F8E3 /* RatingChip.swift */,
				C334D96988B85D8F5F883BEA /* RetroButtonStyle.swift */,
				DBD03DF9D0689DAAFB0E4C8D /* RetroRowButtonStyle.swift */,
				7991DD5C94C2E5F4DBB74818 /* ScanlineOverlay.swift */,
				E6006B0AFB049BE7363F2C4D /* StaticNoiseView.swift */,
				4877149367DFC9BC68789D5E /* Surfaces.swift */,
			);
			path = Components;
			sourceTree = "<group>";
		};
		5FDB2D9B315A7D0A30C6257F /* Playback */ = {
			isa = PBXGroup;
			children = (
				0EE35A8B1587FF4383068A09 /* Engine */,
				247592F5DC16800CD414FC90 /* Tuner.swift */,
			);
			path = Playback;
			sourceTree = "<group>";
		};
		6707DB9D46EE53B738CF1B14 /* Composition */ = {
			isa = PBXGroup;
			children = (
				C683DD013EAA5AD44C46C7F7 /* AppIdentity.swift */,
				2AEE72390B83C99AF2AC5339 /* AppModel.swift */,
				763DBD5802068CE391AC8CC5 /* DebugBootstrap.swift */,
				6E04D69DCA8099E89BA40FA3 /* LineupEngine.swift */,
				F2249125A624934CED277DB6 /* ServerRegistry.swift */,
			);
			path = Composition;
			sourceTree = "<group>";
		};
		694656A4845B848D557FFC65 /* Features */ = {
			isa = PBXGroup;
			children = (
				FC42156F0B4DF0B653B1444A /* Onboarding */,
				F296CD5FBD850C95F08E1A10 /* Root */,
				CF0734E512A628484CC5D179 /* Settings */,
				8124D9ED2203E249C82CF1E2 /* Watch */,
			);
			path = Features;
			sourceTree = "<group>";
		};
		69DC7816C01EC773C6902A79 /* Components */ = {
			isa = PBXGroup;
			children = (
				F220A2BAC4980DAAB32B9EF8 /* SettingsComponents.swift */,
			);
			path = Components;
			sourceTree = "<group>";
		};
		8124D9ED2203E249C82CF1E2 /* Watch */ = {
			isa = PBXGroup;
			children = (
				2149181C29DE3DA7A4357BE5 /* Guide */,
				F86EC7AFCAA19DDAC4863119 /* Player */,
				5863BE504FCFB5079461DCFA /* LiveVideoStack.swift */,
				74DAEF6BAB30BCF92CD3BC35 /* WatchView.swift */,
			);
			path = Watch;
			sourceTree = "<group>";
		};
		8314C0AD6E250A0FBA513421 = {
			isa = PBXGroup;
			children = (
				1CCD93E83FD58AEC606426CE /* App */,
				ECDD4FC94718361F3F8FC7D4 /* Packages */,
				F62960685ABE902DC353BC35 /* Products */,
			);
			sourceTree = "<group>";
		};
		8F2311F1527790CBFAAAD9D9 /* Images */ = {
			isa = PBXGroup;
			children = (
				D622C7296CB065B3C6D58D79 /* ArtworkResolver.swift */,
				0CCC751C0693327031706D7E /* ImagePipeline.swift */,
				25FBA4151A989176EFE32F7B /* RemoteImage.swift */,
			);
			path = Images;
			sourceTree = "<group>";
		};
		9ACDA1ADCDA94DF0C73B4ACF /* Formatting */ = {
			isa = PBXGroup;
			children = (
				0FA5B2094379EF201BE68294 /* ScheduleFormatting.swift */,
			);
			path = Formatting;
			sourceTree = "<group>";
		};
		B24ACFE37726A0872737A5C0 /* Tokens */ = {
			isa = PBXGroup;
			children = (
				37D359D9FCFDB040E3FC58C2 /* DesignTokens.swift */,
				37E00572D5823DC801F98694 /* Typography.swift */,
			);
			path = Tokens;
			sourceTree = "<group>";
		};
		C6DB2AD6A70137CE36CE895A /* DesignSystem */ = {
			isa = PBXGroup;
			children = (
				4D15B6CABDE04D6A58851F33 /* Components */,
				9ACDA1ADCDA94DF0C73B4ACF /* Formatting */,
				F8FABB402C31ABF3694D36A8 /* Theme */,
				B24ACFE37726A0872737A5C0 /* Tokens */,
			);
			path = DesignSystem;
			sourceTree = "<group>";
		};
		C6E46BEA4242E62B0D0DC135 /* Resources */ = {
			isa = PBXGroup;
			children = (
				EBD66969B63C35F255721B30 /* Info.plist */,
			);
			path = Resources;
			sourceTree = "<group>";
		};
		CF0734E512A628484CC5D179 /* Settings */ = {
			isa = PBXGroup;
			children = (
				40CD353A30FD926C6D4434FA /* Channels */,
				69DC7816C01EC773C6902A79 /* Components */,
				CC10DE38E11AFAAE0E0D270F /* LibrarySettingsView.swift */,
				176338827048433F7D47FB30 /* PlayerEnginePickerView.swift */,
				6EEC2556FE7A20F73EF5FD4E /* ScheduleGridPickerView.swift */,
				4EC728752D66C5F54C2C790A /* SettingsView.swift */,
				F767DD9A6987EACF50BADE2E /* ThemePickerView.swift */,
			);
			path = Settings;
			sourceTree = "<group>";
		};
		ECDD4FC94718361F3F8FC7D4 /* Packages */ = {
			isa = PBXGroup;
			children = (
				60F382591F2B8DBE9F09F747 /* RetroTVKit */,
			);
			path = Packages;
			sourceTree = "<group>";
		};
		F296CD5FBD850C95F08E1A10 /* Root */ = {
			isa = PBXGroup;
			children = (
				BA40451FA9BF10ECD903FA93 /* FailureView.swift */,
				3A47352312C1C79269F74216 /* IndexingView.swift */,
				78CFED9688D7388AAADDA7E0 /* RootView.swift */,
				5D68030CB3322D86D7150B86 /* SplashView.swift */,
			);
			path = Root;
			sourceTree = "<group>";
		};
		F62960685ABE902DC353BC35 /* Products */ = {
			isa = PBXGroup;
			children = (
				1FAA7D54D5E6ABC43493649D /* RetroTV.app */,
			);
			name = Products;
			sourceTree = "<group>";
		};
		F86EC7AFCAA19DDAC4863119 /* Player */ = {
			isa = PBXGroup;
			children = (
				01CB5DD2EE24C75563AE72F8 /* ChannelBanner.swift */,
				EBF9B34E1555F6CBF8A40817 /* ChannelNumberOSD.swift */,
				3C83233F83295B2DBFC23F05 /* EngineVideoView.swift */,
				B1EDD48D03C6931AF075D744 /* IntermissionCard.swift */,
				2E9268745E8866F5F09DADAD /* NoSignalCard.swift */,
				507A5D7A6E2CEED5638EF1D4 /* PlayerChromeView.swift */,
				7FA15887435ACEBC6946F1FD /* SignalOverlay.swift */,
			);
			path = Player;
			sourceTree = "<group>";
		};
		F8FABB402C31ABF3694D36A8 /* Theme */ = {
			isa = PBXGroup;
			children = (
				5B2A608E4920FDDBC6DAAE25 /* Color+Hex.swift */,
				2E6E722F298F79CA0DE09BAF /* Theme.swift */,
				D173E31BD042D3AC30B47B8D /* ThemeCatalog.swift */,
			);
			path = Theme;
			sourceTree = "<group>";
		};
		FC42156F0B4DF0B653B1444A /* Onboarding */ = {
			isa = PBXGroup;
			children = (
				8AB002B35DFA6A35237BB8BD /* LibraryPickerView.swift */,
				E8A7CE2B1E6C86BF55D6EEC5 /* OnboardingFlowView.swift */,
				4FE115456408CB628AD40D04 /* OnboardingModel.swift */,
				0E5113306005658D3C0498A2 /* PlexLinkStepView.swift */,
				BEF93F67225DFD6886C7D6E0 /* ServerPickerStepView.swift */,
				A8F23C16DE45F960049D294F /* WelcomeStepView.swift */,
			);
			path = Onboarding;
			sourceTree = "<group>";
		};
/* End PBXGroup section */

/* Begin PBXNativeTarget section */
		EBA33149686E9EDF7CF7D307 /* RetroTV */ = {
			isa = PBXNativeTarget;
			buildConfigurationList = D0B75354B9D073802322A6FA /* Build configuration list for PBXNativeTarget "RetroTV" */;
			buildPhases = (
				3E514D684B9F1AA2CCBE234B /* Sources */,
				AFE5502AB645111DDCBFB125 /* Frameworks */,
			);
			buildRules = (
			);
			dependencies = (
			);
			name = RetroTV;
			packageProductDependencies = (
				928233971AC8D6740B4EE332 /* RetroTVKit */,
				0ABB3E5B805573BA8CBE42C4 /* MPVKit */,
			);
			productName = RetroTV;
			productReference = 1FAA7D54D5E6ABC43493649D /* RetroTV.app */;
			productType = "com.apple.product-type.application";
		};
/* End PBXNativeTarget section */

/* Begin PBXProject section */
		F279A5431B8B030DF348222F /* Project object */ = {
			isa = PBXProject;
			attributes = {
				BuildIndependentTargetsInParallel = YES;
				LastUpgradeCheck = 1430;
				TargetAttributes = {
					EBA33149686E9EDF7CF7D307 = {
						ProvisioningStyle = Automatic;
					};
				};
			};
			buildConfigurationList = 1A757BCFFE5679DFCC169E59 /* Build configuration list for PBXProject "RetroTV" */;
			developmentRegion = en;
			hasScannedForEncodings = 0;
			knownRegions = (
				Base,
				en,
			);
			mainGroup = 8314C0AD6E250A0FBA513421;
			minimizedProjectReferenceProxies = 1;
			packageReferences = (
				C4A8CF63594F7487C99B3BFB /* XCRemoteSwiftPackageReference "MPVKit" */,
				FB97D8655A2634707C689830 /* XCLocalSwiftPackageReference "Packages/RetroTVKit" */,
			);
			preferredProjectObjectVersion = 77;
			productRefGroup = F62960685ABE902DC353BC35 /* Products */;
			projectDirPath = "";
			projectRoot = "";
			targets = (
				EBA33149686E9EDF7CF7D307 /* RetroTV */,
			);
		};
/* End PBXProject section */

/* Begin PBXSourcesBuildPhase section */
		3E514D684B9F1AA2CCBE234B /* Sources */ = {
			isa = PBXSourcesBuildPhase;
			buildActionMask = 2147483647;
			files = (
				F6A9ACC0B534A275C52B8811 /* AVPlaybackEngine.swift in Sources */,
				BB09C3A3CFAEFBE841A535D1 /* AppIdentity.swift in Sources */,
				5E325EC266639387EB82666E /* AppModel.swift in Sources */,
				625A67068FD71F0B33A4730F /* ArtworkResolver.swift in Sources */,
				950B88EE1F1F14E0B4389905 /* BrandMark.swift in Sources */,
				BF6CE845D88C31814DA23CDC /* ChannelBadge.swift in Sources */,
				88F7640C16D50596D6160FD9 /* ChannelBanner.swift in Sources */,
				118F594A546900C680DCC3FE /* ChannelDetailView.swift in Sources */,
				B5BAD679C913E9570CD658E9 /* ChannelEditorView.swift in Sources */,
				3778F833D5B8E2481A231795 /* ChannelManagerView.swift in Sources */,
				377B6367B805278AC59C5345 /* ChannelNumberOSD.swift in Sources */,
				39AD449F71ECD7C612BC191B /* Color+Hex.swift in Sources */,
				1A7FA06A8454C3E96FB7BA0F /* DebugBootstrap.swift in Sources */,
				5C38EE6A5564D424B8C513B9 /* DesignTokens.swift in Sources */,
				4AE644BD531BD08B2618E756 /* EngineVideoView.swift in Sources */,
				8738158189394A77E9BAB63C /* FacetPickerView.swift in Sources */,
				93FAC8537AFC25D97FC69B79 /* FailureView.swift in Sources */,
				B88BD3C86012BC107CDDB553 /* GuideGridView.swift in Sources */,
				D3F109212C789907B0BC23FA /* GuideHeader.swift in Sources */,
				DE52DF0A4B637E8FBE1A24B3 /* GuideLayout.swift in Sources */,
				5CA45A7EEC43C87DE65D3400 /* GuideModel.swift in Sources */,
				000413C88823651F7FAF56E6 /* GuidePreviewPanel.swift in Sources */,
				30AE45814CCFBF57BA6C1FEB /* GuideProgramCell.swift in Sources */,
				13F71A50D16B305A8064E01B /* GuideRowView.swift in Sources */,
				BEE539EC858B6F05CD5F8B19 /* GuideTimeRuler.swift in Sources */,
				A0D70D6779D65FF438291BD0 /* GuideView.swift in Sources */,
				C96DB6C9D77ADA9FC599ADF7 /* ImagePipeline.swift in Sources */,
				A854CE849FE1CEF6DAF295F2 /* IndexingView.swift in Sources */,
				43FBBDD61FA02ED99D176D6E /* IntermissionCard.swift in Sources */,
				575C3B7097793CC469DE8B64 /* KeychainStore.swift in Sources */,
				5E582B94EB68E956C539E194 /* LibraryPickerView.swift in Sources */,
				34FFC973453A273F1042E1D8 /* LibrarySettingsView.swift in Sources */,
				65FD53FD5A3568F9DD2F4384 /* LibrarySnapshotStore.swift in Sources */,
				749281A115FA8EB7C14E8B15 /* LineupEngine.swift in Sources */,
				D8B5E79B928D109D220B6689 /* LiveVideoStack.swift in Sources */,
				952A79A169B56A4EFEA9302A /* MPVCore.swift in Sources */,
				E9EDCAC7CF67823BA3CCF67D /* MPVPlaybackEngine.swift in Sources */,
				511398C308FB6CAB9C51E472 /* NoSignalCard.swift in Sources */,
				74990EEE71FDB1F75E5395B2 /* OnboardingFlowView.swift in Sources */,
				9BCEC47BB90CB41635E7AE50 /* OnboardingModel.swift in Sources */,
				50EB21CD437DD9E5EE20D8BB /* PlaybackEngine.swift in Sources */,
				197EDAD49F1D173ED4C76E04 /* PlayerChromeView.swift in Sources */,
				2ACFD1D4AC750DAC1792FCFE /* PlayerEnginePickerView.swift in Sources */,
				4CE9823D0E93577D3034C456 /* PlexLinkStepView.swift in Sources */,
				E01997F14FD9B514E1625FCE /* PreferencesStore.swift in Sources */,
				6374E66E55E2B5E6E7F11C73 /* ProgressTrack.swift in Sources */,
				7E26C56F8F1DD8286FF41CFE /* QRCodeView.swift in Sources */,
				8DE26384E3604BC5267CB65E /* RatingChip.swift in Sources */,
				7E91D19CD3EA313D383FD2C2 /* RemoteImage.swift in Sources */,
				E038796AE6B40129FD2A37C8 /* RetroButtonStyle.swift in Sources */,
				89B5FE6392C0F14A917A81C3 /* RetroRowButtonStyle.swift in Sources */,
				3712C1ABF98AE407BA75F79E /* RetroTVApp.swift in Sources */,
				32098564943483A6BCEF0BE2 /* RootView.swift in Sources */,
				5A7C09990D9B8712C0601412 /* ScanlineOverlay.swift in Sources */,
				8A03CBC677E53EAE79A54F15 /* ScheduleFormatting.swift in Sources */,
				C7170093BCDCEF94690534D1 /* ScheduleGridPickerView.swift in Sources */,
				299AC0AD08161B943F2C5017 /* ServerPickerStepView.swift in Sources */,
				ED1D7290D68B288942926CBE /* ServerRegistry.swift in Sources */,
				4B336527CC16E8C6B7B95FCC /* SettingsComponents.swift in Sources */,
				93A7F26B25AD93BD607E9080 /* SettingsView.swift in Sources */,
				D02D52FD91CB3A4B20315778 /* SignalOverlay.swift in Sources */,
				BC262E445DECD5289F8A1569 /* SplashView.swift in Sources */,
				7A28848F206EA038EFDB2EEC /* StaticNoiseView.swift in Sources */,
				AF0ED0C72D66EEED3E21B80A /* Surfaces.swift in Sources */,
				67EC612312ED90D8E93B59BC /* Theme.swift in Sources */,
				A9003067849DA60B532B0F0D /* ThemeCatalog.swift in Sources */,
				03F7D68B4B61F103BF457A7C /* ThemePickerView.swift in Sources */,
				D802BA48559F09244799D6B4 /* Tuner.swift in Sources */,
				9C55219AC4DCDEE096469285 /* Typography.swift in Sources */,
				B4F087ACD40BF98380045088 /* WatchView.swift in Sources */,
				9CC3E24988A1D4C65484356A /* WelcomeStepView.swift in Sources */,
			);
			runOnlyForDeploymentPostprocessing = 0;
		};
/* End PBXSourcesBuildPhase section */

/* Begin XCBuildConfiguration section */
		921F7ABF820A8C3EB5F544A7 /* Release */ = {
			isa = XCBuildConfiguration;
			buildSettings = {
				ASSETCATALOG_COMPILER_APPICON_NAME = "App Icon & Top Shelf Image";
				ASSETCATALOG_COMPILER_LAUNCHIMAGE_NAME = LaunchImage;
				CODE_SIGN_STYLE = Automatic;
				GENERATE_INFOPLIST_FILE = NO;
				INFOPLIST_FILE = App/Resources/Info.plist;
				LD_RUNPATH_SEARCH_PATHS = (
					"$(inherited)",
					"@executable_path/Frameworks",
				);
				PRODUCT_BUNDLE_IDENTIFIER = io.github.retrotv.app;
				SDKROOT = appletvos;
				TARGETED_DEVICE_FAMILY = 3;
			};
			name = Release;
		};
		A7AC619769B055349839102D /* Release */ = {
			isa = XCBuildConfiguration;
			buildSettings = {
				ALWAYS_SEARCH_USER_PATHS = NO;
				CLANG_ANALYZER_NONNULL = YES;
				CLANG_ANALYZER_NUMBER_OBJECT_CONVERSION = YES_AGGRESSIVE;
				CLANG_CXX_LANGUAGE_STANDARD = "gnu++14";
				CLANG_CXX_LIBRARY = "libc++";
				CLANG_ENABLE_MODULES = YES;
				CLANG_ENABLE_OBJC_ARC = YES;
				CLANG_ENABLE_OBJC_WEAK = YES;
				CLANG_WARN_BLOCK_CAPTURE_AUTORELEASING = YES;
				CLANG_WARN_BOOL_CONVERSION = YES;
				CLANG_WARN_COMMA = YES;
				CLANG_WARN_CONSTANT_CONVERSION = YES;
				CLANG_WARN_DEPRECATED_OBJC_IMPLEMENTATIONS = YES;
				CLANG_WARN_DIRECT_OBJC_ISA_USAGE = YES_ERROR;
				CLANG_WARN_DOCUMENTATION_COMMENTS = YES;
				CLANG_WARN_EMPTY_BODY = YES;
				CLANG_WARN_ENUM_CONVERSION = YES;
				CLANG_WARN_INFINITE_RECURSION = YES;
				CLANG_WARN_INT_CONVERSION = YES;
				CLANG_WARN_NON_LITERAL_NULL_CONVERSION = YES;
				CLANG_WARN_OBJC_IMPLICIT_RETAIN_SELF = YES;
				CLANG_WARN_OBJC_LITERAL_CONVERSION = YES;
				CLANG_WARN_OBJC_ROOT_CLASS = YES_ERROR;
				CLANG_WARN_QUOTED_INCLUDE_IN_FRAMEWORK_HEADER = YES;
				CLANG_WARN_RANGE_LOOP_ANALYSIS = YES;
				CLANG_WARN_STRICT_PROTOTYPES = YES;
				CLANG_WARN_SUSPICIOUS_MOVE = YES;
				CLANG_WARN_UNGUARDED_AVAILABILITY = YES_AGGRESSIVE;
				CLANG_WARN_UNREACHABLE_CODE = YES;
				CLANG_WARN__DUPLICATE_METHOD_MATCH = YES;
				COPY_PHASE_STRIP = NO;
				CURRENT_PROJECT_VERSION = 1;
				DEAD_CODE_STRIPPING = YES;
				DEBUG_INFORMATION_FORMAT = "dwarf-with-dsym";
				ENABLE_NS_ASSERTIONS = NO;
				ENABLE_STRICT_OBJC_MSGSEND = YES;
				ENABLE_USER_SCRIPT_SANDBOXING = YES;
				GCC_C_LANGUAGE_STANDARD = gnu11;
				GCC_NO_COMMON_BLOCKS = YES;
				GCC_WARN_64_TO_32_BIT_CONVERSION = YES;
				GCC_WARN_ABOUT_RETURN_TYPE = YES_ERROR;
				GCC_WARN_UNDECLARED_SELECTOR = YES;
				GCC_WARN_UNINITIALIZED_AUTOS = YES_AGGRESSIVE;
				GCC_WARN_UNUSED_FUNCTION = YES;
				GCC_WARN_UNUSED_VARIABLE = YES;
				MARKETING_VERSION = 0.1.0;
				MTL_ENABLE_DEBUG_INFO = NO;
				MTL_FAST_MATH = YES;
				PRODUCT_NAME = "$(TARGET_NAME)";
				SDKROOT = appletvos;
				SWIFT_COMPILATION_MODE = wholemodule;
				SWIFT_OPTIMIZATION_LEVEL = "-O";
				SWIFT_STRICT_CONCURRENCY = complete;
				SWIFT_VERSION = 6.0;
				TVOS_DEPLOYMENT_TARGET = 17.0;
			};
			name = Release;
		};
		B2FCD1AE109D490546B7C44C /* Debug */ = {
			isa = XCBuildConfiguration;
			buildSettings = {
				ALWAYS_SEARCH_USER_PATHS = NO;
				CLANG_ANALYZER_NONNULL = YES;
				CLANG_ANALYZER_NUMBER_OBJECT_CONVERSION = YES_AGGRESSIVE;
				CLANG_CXX_LANGUAGE_STANDARD = "gnu++14";
				CLANG_CXX_LIBRARY = "libc++";
				CLANG_ENABLE_MODULES = YES;
				CLANG_ENABLE_OBJC_ARC = YES;
				CLANG_ENABLE_OBJC_WEAK = YES;
				CLANG_WARN_BLOCK_CAPTURE_AUTORELEASING = YES;
				CLANG_WARN_BOOL_CONVERSION = YES;
				CLANG_WARN_COMMA = YES;
				CLANG_WARN_CONSTANT_CONVERSION = YES;
				CLANG_WARN_DEPRECATED_OBJC_IMPLEMENTATIONS = YES;
				CLANG_WARN_DIRECT_OBJC_ISA_USAGE = YES_ERROR;
				CLANG_WARN_DOCUMENTATION_COMMENTS = YES;
				CLANG_WARN_EMPTY_BODY = YES;
				CLANG_WARN_ENUM_CONVERSION = YES;
				CLANG_WARN_INFINITE_RECURSION = YES;
				CLANG_WARN_INT_CONVERSION = YES;
				CLANG_WARN_NON_LITERAL_NULL_CONVERSION = YES;
				CLANG_WARN_OBJC_IMPLICIT_RETAIN_SELF = YES;
				CLANG_WARN_OBJC_LITERAL_CONVERSION = YES;
				CLANG_WARN_OBJC_ROOT_CLASS = YES_ERROR;
				CLANG_WARN_QUOTED_INCLUDE_IN_FRAMEWORK_HEADER = YES;
				CLANG_WARN_RANGE_LOOP_ANALYSIS = YES;
				CLANG_WARN_STRICT_PROTOTYPES = YES;
				CLANG_WARN_SUSPICIOUS_MOVE = YES;
				CLANG_WARN_UNGUARDED_AVAILABILITY = YES_AGGRESSIVE;
				CLANG_WARN_UNREACHABLE_CODE = YES;
				CLANG_WARN__DUPLICATE_METHOD_MATCH = YES;
				COPY_PHASE_STRIP = NO;
				CURRENT_PROJECT_VERSION = 1;
				DEAD_CODE_STRIPPING = YES;
				DEBUG_INFORMATION_FORMAT = dwarf;
				ENABLE_STRICT_OBJC_MSGSEND = YES;
				ENABLE_TESTABILITY = YES;
				ENABLE_USER_SCRIPT_SANDBOXING = YES;
				GCC_C_LANGUAGE_STANDARD = gnu11;
				GCC_DYNAMIC_NO_PIC = NO;
				GCC_NO_COMMON_BLOCKS = YES;
				GCC_OPTIMIZATION_LEVEL = 0;
				GCC_PREPROCESSOR_DEFINITIONS = (
					"$(inherited)",
					"DEBUG=1",
				);
				GCC_WARN_64_TO_32_BIT_CONVERSION = YES;
				GCC_WARN_ABOUT_RETURN_TYPE = YES_ERROR;
				GCC_WARN_UNDECLARED_SELECTOR = YES;
				GCC_WARN_UNINITIALIZED_AUTOS = YES_AGGRESSIVE;
				GCC_WARN_UNUSED_FUNCTION = YES;
				GCC_WARN_UNUSED_VARIABLE = YES;
				MARKETING_VERSION = 0.1.0;
				MTL_ENABLE_DEBUG_INFO = INCLUDE_SOURCE;
				MTL_FAST_MATH = YES;
				ONLY_ACTIVE_ARCH = YES;
				PRODUCT_NAME = "$(TARGET_NAME)";
				SDKROOT = appletvos;
				SWIFT_ACTIVE_COMPILATION_CONDITIONS = DEBUG;
				SWIFT_OPTIMIZATION_LEVEL = "-Onone";
				SWIFT_STRICT_CONCURRENCY = complete;
				SWIFT_VERSION = 6.0;
				TVOS_DEPLOYMENT_TARGET = 17.0;
			};
			name = Debug;
		};
		C188B3A34B1728F7E43D551B /* Debug */ = {
			isa = XCBuildConfiguration;
			buildSettings = {
				ASSETCATALOG_COMPILER_APPICON_NAME = "App Icon & Top Shelf Image";
				ASSETCATALOG_COMPILER_LAUNCHIMAGE_NAME = LaunchImage;
				CODE_SIGN_STYLE = Automatic;
				GENERATE_INFOPLIST_FILE = NO;
				INFOPLIST_FILE = App/Resources/Info.plist;
				LD_RUNPATH_SEARCH_PATHS = (
					"$(inherited)",
					"@executable_path/Frameworks",
				);
				PRODUCT_BUNDLE_IDENTIFIER = io.github.retrotv.app;
				SDKROOT = appletvos;
				TARGETED_DEVICE_FAMILY = 3;
			};
			name = Debug;
		};
/* End XCBuildConfiguration section */

/* Begin XCConfigurationList section */
		1A757BCFFE5679DFCC169E59 /* Build configuration list for PBXProject "RetroTV" */ = {
			isa = XCConfigurationList;
			buildConfigurations = (
				B2FCD1AE109D490546B7C44C /* Debug */,
				A7AC619769B055349839102D /* Release */,
			);
			defaultConfigurationIsVisible = 0;
			defaultConfigurationName = Debug;
		};
		D0B75354B9D073802322A6FA /* Build configuration list for PBXNativeTarget "RetroTV" */ = {
			isa = XCConfigurationList;
			buildConfigurations = (
				C188B3A34B1728F7E43D551B /* Debug */,
				921F7ABF820A8C3EB5F544A7 /* Release */,
			);
			defaultConfigurationIsVisible = 0;
			defaultConfigurationName = Debug;
		};
/* End XCConfigurationList section */

/* Begin XCLocalSwiftPackageReference section */
		FB97D8655A2634707C689830 /* XCLocalSwiftPackageReference "Packages/RetroTVKit" */ = {
			isa = XCLocalSwiftPackageReference;
			relativePath = Packages/RetroTVKit;
		};
/* End XCLocalSwiftPackageReference section */

/* Begin XCRemoteSwiftPackageReference section */
		C4A8CF63594F7487C99B3BFB /* XCRemoteSwiftPackageReference "MPVKit" */ = {
			isa = XCRemoteSwiftPackageReference;
			repositoryURL = "https://github.com/mpvkit/MPVKit";
			requirement = {
				kind = exactVersion;
				version = 1.0.0;
			};
		};
/* End XCRemoteSwiftPackageReference section */

/* Begin XCSwiftPackageProductDependency section */
		0ABB3E5B805573BA8CBE42C4 /* MPVKit */ = {
			isa = XCSwiftPackageProductDependency;
			package = C4A8CF63594F7487C99B3BFB /* XCRemoteSwiftPackageReference "MPVKit" */;
			productName = MPVKit;
		};
		928233971AC8D6740B4EE332 /* RetroTVKit */ = {
			isa = XCSwiftPackageProductDependency;
			productName = RetroTVKit;
		};
/* End XCSwiftPackageProductDependency section */
	};
	rootObject = F279A5431B8B030DF348222F /* Project object */;
}
